
Microsoft Visual Studio Solution File, Format Version 12.00
# Visual Studio Version 16
VisualStudioVersion = 16.0.31112.23
MinimumVisualStudioVersion = 10.0.40219.1
Project("{FAE04EC0-301F-11D3-BF4B-00C04F79EFBC}") = "MillerRabinPrimalityTest", "MillerRabinPrimalityTest\MillerRabinPrimalityTest.csproj", "{D444A741-8027-466B-B866-2C9899E23C50}"
EndProject
Global
	GlobalSection(SolutionConfigurationPlatforms) = preSolution
		Debug|Any CPU = Debug|Any CPU
		Release|Any CPU = Release|Any CPU
	EndGlobalSection
	GlobalSection(ProjectConfigurationPlatforms) = postSolution
		{D444A741-8027-466B-B866-2C9899E23C50}.Debug|Any CPU.ActiveCfg = Debug|Any CPU
		{D444A741-8027-466B-B866-2C9899E23C50}.Debug|Any CPU.Build.0 = Debug|Any CPU
		{D444A741-8027-466B-B866-2C9899E23C50}.Release|Any CPU.ActiveCfg = Release|Any CPU
		{D444A741-8027-466B-B866-2C9899E23C50}.Release|Any CPU.Build.0 = Release|Any CPU
	EndGlobalSection
	GlobalSection(SolutionProperties) = preSolution
		HideSolutionNode = FALSE
	EndGlobalSection
	GlobalSection(ExtensibilityGlobals) = postSolution
		SolutionGuid = {AACDB776-5A5B-43D1-A5B8-2E2592CA8A17}
	EndGlobalSection
EndGlobal
